// !$*UTF8*$!
{
	archiveVersion = 1;
	classes = {
	};
	objectVersion = 46;
	objects = {

/* Begin PBXBuildFile section */
		DC03B0F01461974C00118C33 /* UIKit.framework in Frameworks */ = {isa = PBXBuildFile; fileRef = DC03B0EF1461974C00118C33 /* UIKit.framework */; };
		DC03B0F21461974C00118C33 /* Foundation.framework in Frameworks */ = {isa = PBXBuildFile; fileRef = DC03B0F11461974C00118C33 /* Foundation.framework */; };
		DC03B0F41461974C00118C33 /* CoreGraphics.framework in Frameworks */ = {isa = PBXBuildFile; fileRef = DC03B0F31461974C00118C33 /* CoreGraphics.framework */; };
		DC03B0FA1461974C00118C33 /* InfoPlist.strings in Resources */ = {isa = PBXBuildFile; fileRef = DC03B0F81461974C00118C33 /* InfoPlist.strings */; };
		DC03B0FC1461974C00118C33 /* main.m in Sources */ = {isa = PBXBuildFile; fileRef = DC03B0FB1461974C00118C33 /* main.m */; };
		DC03B1001461974C00118C33 /* AppDelegate.m in Sources */ = {isa = PBXBuildFile; fileRef = DC03B0FF1461974C00118C33 /* AppDelegate.m */; };
		DC03B1031461974C00118C33 /* ViewController.m in Sources */ = {isa = PBXBuildFile; fileRef = DC03B1021461974C00118C33 /* ViewController.m */; };
		DC03B1061461974C00118C33 /* ViewController.xib in Resources */ = {isa = PBXBuildFile; fileRef = DC03B1041461974C00118C33 /* ViewController.xib */; };
		DC03B10E1461980500118C33 /* OpenGLView.m in Sources */ = {isa = PBXBuildFile; fileRef = DC03B10D1461980500118C33 /* OpenGLView.m */; };
		DC03B1111461981300118C33 /* SimpleVertex.glsl in Resources */ = {isa = PBXBuildFile; fileRef = DC03B10F1461981300118C33 /* SimpleVertex.glsl */; };
		DC03B1121461981300118C33 /* SimpleFragment.glsl in Resources */ = {isa = PBXBuildFile; fileRef = DC03B1101461981300118C33 /* SimpleFragment.glsl */; };
		DC03B1141461993F00118C33 /* OpenGLES.framework in Frameworks */ = {isa = PBXBuildFile; fileRef = DC03B1131461993F00118C33 /* OpenGLES.framework */; };
		DC03B1161461998900118C33 /* QuartzCore.framework in Frameworks */ = {isa = PBXBuildFile; fileRef = DC03B1151461998900118C33 /* QuartzCore.framework */; };
/* End PBXBuildFile section */

/* Begin PBXFileReference section */
		DC03B0EB1461974C00118C33 /* FeiOpenGL.app */ = {isa = PBXFileReference; explicitFileType = wrapper.application; includeInIndex = 0; path = FeiOpenGL.app; sourceTree = BUILT_PRODUCTS_DIR; };
		DC03B0EF1461974C00118C33 /* UIKit.framework */ = {isa = PBXFileReference; lastKnownFileType = wrapper.framework; name = UIKit.framework; path = System/Library/Frameworks/UIKit.framework; sourceTree = SDKROOT; };
		DC03B0F11461974C00118C33 /* Foundation.framework */ = {isa = PBXFileReference; lastKnownFileType = wrapper.framework; name = Foundation.framework; path = System/Library/Frameworks/Foundation.framework; sourceTree = SDKROOT; };
		DC03B0F31461974C00118C33 /* CoreGraphics.framework */ = {isa = PBXFileReference; lastKnownFileType = wrapper.framework; name = CoreGraphics.framework; path = System/Library/Frameworks/CoreGraphics.framework; sourceTree = SDKROOT; };
		DC03B0F71461974C00118C33 /* FeiOpenGL-Info.plist */ = {isa = PBXFileReference; lastKnownFileType = text.plist.xml; path = "FeiOpenGL-Info.plist"; sourceTree = "<group>"; };
		DC03B0F91461974C00118C33 /* en */ = {isa = PBXFileReference; lastKnownFileType = text.plist.strings; name = en; path = en.lproj/InfoPlist.strings; sourceTree = "<group>"; };
		DC03B0FB1461974C00118C33 /* main.m */ = {isa = PBXFileReference; lastKnownFileType = sourcecode.c.objc; path = main.m; sourceTree = "<group>"; };
		DC03B0FD1461974C00118C33 /* FeiOpenGL-Prefix.pch */ = {isa = PBXFileReference; lastKnownFileType = sourcecode.c.h; path = "FeiOpenGL-Prefix.pch"; sourceTree = "<group>"; };
		DC03B0FE1461974C00118C33 /* AppDelegate.h */ = {isa = PBXFileReference; lastKnownFileType = sourcecode.c.h; path = AppDelegate.h; sourceTree = "<group>"; };
		DC03B0FF1461974C00118C33 /* AppDelegate.m */ = {isa = PBXFileReference; lastKnownFileType = sourcecode.c.objc; path = AppDelegate.m; sourceTree = "<group>"; };
		DC03B1011461974C00118C33 /* ViewController.h */ = {isa = PBXFileReference; lastKnownFileType = sourcecode.c.h; path = ViewController.h; sourceTree = "<group>"; };
		DC03B1021461974C00118C33 /* ViewController.m */ = {isa = PBXFileReference; lastKnownFileType = sourcecode.c.objc; path = ViewController.m; sourceTree = "<group>"; };
		DC03B1051461974C00118C33 /* en */ = {isa = PBXFileReference; lastKnownFileType = file.xib; name = en; path = en.lproj/ViewController.xib; sourceTree = "<group>"; };
		DC03B10C1461980500118C33 /* OpenGLView.h */ = {isa = PBXFileReference; fileEncoding = 4; lastKnownFileType = sourcecode.c.h; path = OpenGLView.h; sourceTree = "<group>"; };
		DC03B10D1461980500118C33 /* OpenGLView.m */ = {isa = PBXFileReference; fileEncoding = 4; lastKnownFileType = sourcecode.c.objc; path = OpenGLView.m; sourceTree = "<group>"; };
		DC03B10F1461981300118C33 /* SimpleVertex.glsl */ = {isa = PBXFileReference; fileEncoding = 4; lastKnownFileType = text; path = SimpleVertex.glsl; sourceTree = "<group>"; };
		DC03B1101461981300118C33 /* SimpleFragment.glsl */ = {isa = PBXFileReference; fileEncoding = 4; lastKnownFileType = text; path = SimpleFragment.glsl; sourceTree = "<group>"; };
		DC03B1131461993F00118C33 /* OpenGLES.framework */ = {isa = PBXFileReference; lastKnownFileType = wrapper.framework; name = OpenGLES.framework; path = System/Library/Frameworks/OpenGLES.framework; sourceTree = SDKROOT; };
		DC03B1151461998900118C33 /* QuartzCore.framework */ = {isa = PBXFileReference; lastKnownFileType = wrapper.framework; name = QuartzCore.framework; path = System/Library/Frameworks/QuartzCore.framework; sourceTree = SDKROOT; };
/* End PBXFileReference section */

/* Begin PBXFrameworksBuildPhase section */
		DC03B0E81461974C00118C33 /* Frameworks */ = {
			isa = PBXFrameworksBuildPhase;
			buildActionMask = 2147483647;
			files = (
				DC03B1161461998900118C33 /* QuartzCore.framework in Frameworks */,
				DC03B0F41461974C00118C33 /* CoreGraphics.framework in Frameworks */,
				DC03B1141461993F00118C33 /* OpenGLES.framework in Frameworks */,
				DC03B0F01461974C00118C33 /* UIKit.framework in Frameworks */,
				DC03B0F21461974C00118C33 /* Foundation.framework in Frameworks */,
			);
			runOnlyForDeploymentPostprocessing = 0;
		};
/* End PBXFrameworksBuildPhase section */

/* Begin PBXGroup section */
		DC03B0E01461974C00118C33 = {
			isa = PBXGroup;
			children = (
				DC03B0F51461974C00118C33 /* FeiOpenGL */,
				DC03B0EE1461974C00118C33 /* Frameworks */,
				DC03B0EC1461974C00118C33 /* Products */,
			);
			sourceTree = "<group>";
		};
		DC03B0EC1461974C00118C33 /* Products */ = {
			isa = PBXGroup;
			children = (
				DC03B0EB1461974C00118C33 /* FeiOpenGL.app */,
			);
			name = Products;
			sourceTree = "<group>";
		};
		DC03B0EE1461974C00118C33 /* Frameworks */ = {
			isa = PBXGroup;
			children = (
				DC03B1151461998900118C33 /* QuartzCore.framework */,
				DC03B1131461993F00118C33 /* OpenGLES.framework */,
				DC03B0EF1461974C00118C33 /* UIKit.framework */,
				DC03B0F11461974C00118C33 /* Foundation.framework */,
				DC03B0F31461974C00118C33 /* CoreGraphics.framework */,
			);
			name = Frameworks;
			sourceTree = "<group>";
		};
		DC03B0F51461974C00118C33 /* FeiOpenGL */ = {
			isa = PBXGroup;
			children = (
				DC03B0FE1461974C00118C33 /* AppDelegate.h */,
				DC03B0FF1461974C00118C33 /* AppDelegate.m */,
				DC03B1011461974C00118C33 /* ViewController.h */,
				DC03B1021461974C00118C33 /* ViewController.m */,
				DC03B1041461974C00118C33 /* ViewController.xib */,
				DC03B10F1461981300118C33 /* SimpleVertex.glsl */,
				DC03B1101461981300118C33 /* SimpleFragment.glsl */,
				DC03B10C1461980500118C33 /* OpenGLView.h */,
				DC03B10D1461980500118C33 /* OpenGLView.m */,
				DC03B0F61461974C00118C33 /* Supporting Files */,
			);
			path = FeiOpenGL;
			sourceTree = "<group>";
		};
		DC03B0F61461974C00118C33 /* Supporting Files */ = {
			isa = PBXGroup;
			children = (
				DC03B0F71461974C00118C33 /* FeiOpenGL-Info.plist */,
				DC03B0F81461974C00118C33 /* InfoPlist.strings */,
				DC03B0FB1461974C00118C33 /* main.m */,
				DC03B0FD1461974C00118C33 /* FeiOpenGL-Prefix.pch */,
			);
			name = "Supporting Files";
			sourceTree = "<group>";
		};
/* End PBXGroup section */

/* Begin PBXNativeTarget section */
		DC03B0EA1461974C00118C33 /* FeiOpenGL */ = {
			isa = PBXNativeTarget;
			buildConfigurationList = DC03B1091461974C00118C33 /* Build configuration list for PBXNativeTarget "FeiOpenGL" */;
			buildPhases = (
				DC03B0E71461974C00118C33 /* Sources */,
				DC03B0E81461974C00118C33 /* Frameworks */,
				DC03B0E91461974C00118C33 /* Resources */,
			);
			buildRules = (
			);
			dependencies = (
			);
			name = FeiOpenGL;
			productName = FeiOpenGL;
			productReference = DC03B0EB1461974C00118C33 /* FeiOpenGL.app */;
			productType = "com.apple.product-type.application";
		};
/* End PBXNativeTarget section */

/* Begin PBXProject section */
		DC03B0E21461974C00118C33 /* Project object */ = {
			isa = PBXProject;
			attributes = {
				LastUpgradeCheck = 0420;
			};
			buildConfigurationList = DC03B0E51461974C00118C33 /* Build configuration list for PBXProject "FeiOpenGL" */;
			compatibilityVersion = "Xcode 3.2";
			developmentRegion = English;
			hasScannedForEncodings = 0;
			knownRegions = (
				en,
			);
			mainGroup = DC03B0E01461974C00118C33;
			productRefGroup = DC03B0EC1461974C00118C33 /* Products */;
			projectDirPath = "";
			projectRoot = "";
			targets = (
				DC03B0EA1461974C00118C33 /* FeiOpenGL */,
			);
		};
/* End PBXProject section */

/* Begin PBXResourcesBuildPhase section */
		DC03B0E91461974C00118C33 /* Resources */ = {
			isa = PBXResourcesBuildPhase;
			buildActionMask = 2147483647;
			files = (
				DC03B0FA1461974C00118C33 /* InfoPlist.strings in Resources */,
				DC03B1061461974C00118C33 /* ViewController.xib in Resources */,
				DC03B1111461981300118C33 /* SimpleVertex.glsl in Resources */,
				DC03B1121461981300118C33 /* SimpleFragment.glsl in Resources */,
			);
			runOnlyForDeploymentPostprocessing = 0;
		};
/* End PBXResourcesBuildPhase section */

/* Begin PBXSourcesBuildPhase section */
		DC03B0E71461974C00118C33 /* Sources */ = {
			isa = PBXSourcesBuildPhase;
			buildActionMask = 2147483647;
			files = (
				DC03B0FC1461974C00118C33 /* main.m in Sources */,
				DC03B1001461974C00118C33 /* AppDelegate.m in Sources */,
				DC03B1031461974C00118C33 /* ViewController.m in Sources */,
				DC03B10E1461980500118C33 /* OpenGLView.m in Sources */,
			);
			runOnlyForDeploymentPostprocessing = 0;
		};
/* End PBXSourcesBuildPhase section */

/* Begin PBXVariantGroup section */
		DC03B0F81461974C00118C33 /* InfoPlist.strings */ = {
			isa = PBXVariantGroup;
			children = (
				DC03B0F91461974C00118C33 /* en */,
			);
			name = InfoPlist.strings;
			sourceTree = "<group>";
		};
		DC03B1041461974C00118C33 /* ViewController.xib */ = {
			isa = PBXVariantGroup;
			children = (
				DC03B1051461974C00118C33 /* en */,
			);
			name = ViewController.xib;
			sourceTree = "<group>";
		};
/* End PBXVariantGroup section */

/* Begin XCBuildConfiguration section */
		DC03B1071461974C00118C33 /* Debug */ = {
			isa = XCBuildConfiguration;
			buildSettings = {
				ALWAYS_SEARCH_USER_PATHS = NO;
				ARCHS = "$(ARCHS_STANDARD_32_BIT)";
				"CODE_SIGN_IDENTITY[sdk=iphoneos*]" = "iPhone Developer";
				COPY_PHASE_STRIP = NO;
				GCC_C_LANGUAGE_STANDARD = gnu99;
				GCC_DYNAMIC_NO_PIC = NO;
				GCC_OPTIMIZATION_LEVEL = 0;
				GCC_PREPROCESSOR_DEFINITIONS = (
					"DEBUG=1",
					"$(inherited)",
				);
				GCC_SYMBOLS_PRIVATE_EXTERN = NO;
				GCC_VERSION = com.apple.compilers.llvm.clang.1_0;
				GCC_WARN_ABOUT_MISSING_PROTOTYPES = YES;
				GCC_WARN_ABOUT_RETURN_TYPE = YES;
				GCC_WARN_UNUSED_VARIABLE = YES;
				IPHONEOS_DEPLOYMENT_TARGET = 5.0;
				SDKROOT = iphoneos;
			};
			name = Debug;
		};
		DC03B1081461974C00118C33 /* Release */ = {
			isa = XCBuildConfiguration;
			buildSettings = {
				ALWAYS_SEARCH_USER_PATHS = NO;
				ARCHS = "$(ARCHS_STANDARD_32_BIT)";
				"CODE_SIGN_IDENTITY[sdk=iphoneos*]" = "iPhone Developer";
				COPY_PHASE_STRIP = YES;
				GCC_C_LANGUAGE_STANDARD = gnu99;
				GCC_VERSION = com.apple.compilers.llvm.clang.1_0;
				GCC_WARN_ABOUT_MISSING_PROTOTYPES = YES;
				GCC_WARN_ABOUT_RETURN_TYPE = YES;
				GCC_WARN_UNUSED_VARIABLE = YES;
				IPHONEOS_DEPLOYMENT_TARGET = 5.0;
				OTHER_CFLAGS = "-DNS_BLOCK_ASSERTIONS=1";
				SDKROOT = iphoneos;
				VALIDATE_PRODUCT = YES;
			};
			name = Release;
		};
		DC03B10A1461974C00118C33 /* Debug */ = {
			isa = XCBuildConfiguration;
			buildSettings = {
				GCC_PRECOMPILE_PREFIX_HEADER = YES;
				GCC_PREFIX_HEADER = "FeiOpenGL/FeiOpenGL-Prefix.pch";
				INFOPLIST_FILE = "FeiOpenGL/FeiOpenGL-Info.plist";
				PRODUCT_NAME = "$(TARGET_NAME)";
				WRAPPER_EXTENSION = app;
			};
			name = Debug;
		};
		DC03B10B1461974C00118C33 /* Release */ = {
			isa = XCBuildConfiguration;
			buildSettings = {
				GCC_PRECOMPILE_PREFIX_HEADER = YES;
				GCC_PREFIX_HEADER = "FeiOpenGL/FeiOpenGL-Prefix.pch";
				INFOPLIST_FILE = "FeiOpenGL/FeiOpenGL-Info.plist";
				PRODUCT_NAME = "$(TARGET_NAME)";
				WRAPPER_EXTENSION = app;
			};
			name = Release;
		};
/* End XCBuildConfiguration section */

/* Begin XCConfigurationList section */
		DC03B0E51461974C00118C33 /* Build configuration list for PBXProject "FeiOpenGL" */ = {
			isa = XCConfigurationList;
			buildConfigurations = (
				DC03B1071461974C00118C33 /* Debug */,
				DC03B1081461974C00118C33 /* Release */,
			);
			defaultConfigurationIsVisible = 0;
			defaultConfigurationName = Release;
		};
		DC03B1091461974C00118C33 /* Build configuration list for PBXNativeTarget "FeiOpenGL" */ = {
			isa = XCConfigurationList;
			buildConfigurations = (
				DC03B10A1461974C00118C33 /* Debug */,
				DC03B10B1461974C00118C33 /* Release */,
			);
			defaultConfigurationIsVisible = 0;
			defaultConfigurationName = Release;
		};
/* End XCConfigurationList section */
	};
	rootObject = DC03B0E21461974C00118C33 /* Project object */;
}
