// !$*UTF8*$!
{
	archiveVersion = 1;
	classes = {
	};
	objectVersion = 46;
	objects = {

/* Begin PBXBuildFile section */
		2AA039161653F54C005F9D89 /* main.c in Sources */ = {isa = PBXBuildFile; fileRef = 2AA039151653F54C005F9D89 /* main.c */; };
		2AA039181653F54C005F9D89 /* ToPinyin.1 in CopyFiles */ = {isa = PBXBuildFile; fileRef = 2AA039171653F54C005F9D89 /* ToPinyin.1 */; };
/* End PBXBuildFile section */

/* Begin PBXCopyFilesBuildPhase section */
		2AA0390F1653F54C005F9D89 /* CopyFiles */ = {
			isa = PBXCopyFilesBuildPhase;
			buildActionMask = 2147483647;
			dstPath = /usr/share/man/man1/;
			dstSubfolderSpec = 0;
			files = (
				2AA039181653F54C005F9D89 /* ToPinyin.1 in CopyFiles */,
			);
			runOnlyForDeploymentPostprocessing = 1;
		};
/* End PBXCopyFilesBuildPhase section */

/* Begin PBXFileReference section */
		2AA039111653F54C005F9D89 /* ToPinyin */ = {isa = PBXFileReference; explicitFileType = "compiled.mach-o.executable"; includeInIndex = 0; path = ToPinyin; sourceTree = BUILT_PRODUCTS_DIR; };
		2AA039151653F54C005F9D89 /* main.c */ = {isa = PBXFileReference; lastKnownFileType = sourcecode.c.c; path = main.c; sourceTree = "<group>"; };
		2AA039171653F54C005F9D89 /* ToPinyin.1 */ = {isa = PBXFileReference; lastKnownFileType = text.man; path = ToPinyin.1; sourceTree = "<group>"; };
/* End PBXFileReference section */

/* Begin PBXFrameworksBuildPhase section */
		2AA0390E1653F54C005F9D89 /* Frameworks */ = {
			isa = PBXFrameworksBuildPhase;
			buildActionMask = 2147483647;
			files = (
			);
			runOnlyForDeploymentPostprocessing = 0;
		};
/* End PBXFrameworksBuildPhase section */

/* Begin PBXGroup section */
		2AA039061653F54C005F9D89 = {
			isa = PBXGroup;
			children = (
				2AA039141653F54C005F9D89 /* ToPinyin */,
				2AA039121653F54C005F9D89 /* Products */,
			);
			sourceTree = "<group>";
		};
		2AA039121653F54C005F9D89 /* Products */ = {
			isa = PBXGroup;
			children = (
				2AA039111653F54C005F9D89 /* ToPinyin */,
			);
			name = Products;
			sourceTree = "<group>";
		};
		2AA039141653F54C005F9D89 /* ToPinyin */ = {
			isa = PBXGroup;
			children = (
				2AA039151653F54C005F9D89 /* main.c */,
				2AA039171653F54C005F9D89 /* ToPinyin.1 */,
			);
			path = ToPinyin;
			sourceTree = "<group>";
		};
/* End PBXGroup section */

/* Begin PBXNativeTarget section */
		2AA039101653F54C005F9D89 /* ToPinyin */ = {
			isa = PBXNativeTarget;
			buildConfigurationList = 2AA0391B1653F54C005F9D89 /* Build configuration list for PBXNativeTarget "ToPinyin" */;
			buildPhases = (
				2AA0390D1653F54C005F9D89 /* Sources */,
				2AA0390E1653F54C005F9D89 /* Frameworks */,
				2AA0390F1653F54C005F9D89 /* CopyFiles */,
			);
			buildRules = (
			);
			dependencies = (
			);
			name = ToPinyin;
			productName = ToPinyin;
			productReference = 2AA039111653F54C005F9D89 /* ToPinyin */;
			productType = "com.apple.product-type.tool";
		};
/* End PBXNativeTarget section */

/* Begin PBXProject section */
		2AA039081653F54C005F9D89 /* Project object */ = {
			isa = PBXProject;
			attributes = {
				LastUpgradeCheck = 0450;
				ORGANIZATIONNAME = Njnu;
			};
			buildConfigurationList = 2AA0390B1653F54C005F9D89 /* Build configuration list for PBXProject "ToPinyin" */;
			compatibilityVersion = "Xcode 3.2";
			developmentRegion = English;
			hasScannedForEncodings = 0;
			knownRegions = (
				en,
			);
			mainGroup = 2AA039061653F54C005F9D89;
			productRefGroup = 2AA039121653F54C005F9D89 /* Products */;
			projectDirPath = "";
			projectRoot = "";
			targets = (
				2AA039101653F54C005F9D89 /* ToPinyin */,
			);
		};
/* End PBXProject section */

/* Begin PBXSourcesBuildPhase section */
		2AA0390D1653F54C005F9D89 /* Sources */ = {
			isa = PBXSourcesBuildPhase;
			buildActionMask = 2147483647;
			files = (
				2AA039161653F54C005F9D89 /* main.c in Sources */,
			);
			runOnlyForDeploymentPostprocessing = 0;
		};
/* End PBXSourcesBuildPhase section */

/* Begin XCBuildConfiguration section */
		2AA039191653F54C005F9D89 /* Debug */ = {
			isa = XCBuildConfiguration;
			buildSettings = {
				ALWAYS_SEARCH_USER_PATHS = NO;
				ARCHS = "$(ARCHS_STANDARD_64_BIT)";
				CLANG_CXX_LANGUAGE_STANDARD = "gnu++0x";
				CLANG_CXX_LIBRARY = "libc++";
				CLANG_WARN_EMPTY_BODY = YES;
				CLANG_WARN__DUPLICATE_METHOD_MATCH = YES;
				COPY_PHASE_STRIP = NO;
				GCC_C_LANGUAGE_STANDARD = gnu99;
				GCC_DYNAMIC_NO_PIC = NO;
				GCC_ENABLE_OBJC_EXCEPTIONS = YES;
				GCC_OPTIMIZATION_LEVEL = 0;
				GCC_PREPROCESSOR_DEFINITIONS = (
					"DEBUG=1",
					"$(inherited)",
				);
				GCC_SYMBOLS_PRIVATE_EXTERN = NO;
				GCC_WARN_64_TO_32_BIT_CONVERSION = YES;
				GCC_WARN_ABOUT_RETURN_TYPE = YES;
				GCC_WARN_UNINITIALIZED_AUTOS = YES;
				GCC_WARN_UNUSED_VARIABLE = YES;
				MACOSX_DEPLOYMENT_TARGET = 10.8;
				ONLY_ACTIVE_ARCH = YES;
				SDKROOT = macosx;
			};
			name = Debug;
		};
		2AA0391A1653F54C005F9D89 /* Release */ = {
			isa = XCBuildConfiguration;
			buildSettings = {
				ALWAYS_SEARCH_USER_PATHS = NO;
				ARCHS = "$(ARCHS_STANDARD_64_BIT)";
				CLANG_CXX_LANGUAGE_STANDARD = "gnu++0x";
				CLANG_CXX_LIBRARY = "libc++";
				CLANG_WARN_EMPTY_BODY = YES;
				CLANG_WARN__DUPLICATE_METHOD_MATCH = YES;
				COPY_PHASE_STRIP = YES;
				DEBUG_INFORMATION_FORMAT = "dwarf-with-dsym";
				GCC_C_LANGUAGE_STANDARD = gnu99;
				GCC_ENABLE_OBJC_EXCEPTIONS = YES;
				GCC_WARN_64_TO_32_BIT_CONVERSION = YES;
				GCC_WARN_ABOUT_RETURN_TYPE = YES;
				GCC_WARN_UNINITIALIZED_AUTOS = YES;
				GCC_WARN_UNUSED_VARIABLE = YES;
				MACOSX_DEPLOYMENT_TARGET = 10.8;
				SDKROOT = macosx;
			};
			name = Release;
		};
		2AA0391C1653F54C005F9D89 /* Debug */ = {
			isa = XCBuildConfiguration;
			buildSettings = {
				PRODUCT_NAME = "$(TARGET_NAME)";
			};
			name = Debug;
		};
		2AA0391D1653F54C005F9D89 /* Release */ = {
			isa = XCBuildConfiguration;
			buildSettings = {
				PRODUCT_NAME = "$(TARGET_NAME)";
			};
			name = Release;
		};
/* End XCBuildConfiguration section */

/* Begin XCConfigurationList section */
		2AA0390B1653F54C005F9D89 /* Build configuration list for PBXProject "ToPinyin" */ = {
			isa = XCConfigurationList;
			buildConfigurations = (
				2AA039191653F54C005F9D89 /* Debug */,
				2AA0391A1653F54C005F9D89 /* Release */,
			);
			defaultConfigurationIsVisible = 0;
			defaultConfigurationName = Release;
		};
		2AA0391B1653F54C005F9D89 /* Build configuration list for PBXNativeTarget "ToPinyin" */ = {
			isa = XCConfigurationList;
			buildConfigurations = (
				2AA0391C1653F54C005F9D89 /* Debug */,
				2AA0391D1653F54C005F9D89 /* Release */,
			);
			defaultConfigurationIsVisible = 0;
		};
/* End XCConfigurationList section */
	};
	rootObject = 2AA039081653F54C005F9D89 /* Project object */;
}
